
Microsoft Visual Studio Solution File, Format Version 12.00
# Visual Studio Version 17
VisualStudioVersion = 17.5.33502.453
MinimumVisualStudioVersion = 10.0.40219.1
Project("{FAE04EC0-301F-11D3-BF4B-00C04F79EFBC}") = "JWTProject.API", "JWTProject.API\JWTProject.API.csproj", "{CF53C698-8608-4017-BA23-7B280944082C}"
EndProject
Global
	GlobalSection(SolutionConfigurationPlatforms) = preSolution
		Debug|Any CPU = Debug|Any CPU
		Release|Any CPU = Release|Any CPU
	EndGlobalSection
	GlobalSection(ProjectConfigurationPlatforms) = postSolution
		{CF53C698-8608-4017-BA23-7B280944082C}.Debug|Any CPU.ActiveCfg = Debug|Any CPU
		{CF53C698-8608-4017-BA23-7B280944082C}.Debug|Any CPU.Build.0 = Debug|Any CPU
		{CF53C698-8608-4017-BA23-7B280944082C}.Release|Any CPU.ActiveCfg = Release|Any CPU
		{CF53C698-8608-4017-BA23-7B280944082C}.Release|Any CPU.Build.0 = Release|Any CPU
	EndGlobalSection
	GlobalSection(SolutionProperties) = preSolution
		HideSolutionNode = FALSE
	EndGlobalSection
	GlobalSection(ExtensibilityGlobals) = postSolution
		SolutionGuid = {A94AEB80-9A52-41FE-A085-949B511993BB}
	EndGlobalSection
EndGlobal
